
Microsoft Visual Studio Solution File, Format Version 12.00
# Visual Studio 15
VisualStudioVersion = 15.0.27004.2010
MinimumVisualStudioVersion = 10.0.40219.1
Project("{2150E333-8FDC-42A3-9474-1A3956D46DE8}") = "Solution Items", "Solution Items", "{81748F63-5EA8-4CF7-B9DA-C47CE33D8620}"
EndProject
Project("{FAE04EC0-301F-11D3-BF4B-00C04F79EFBC}") = "LibNoise", "LibNoise\LibNoise.csproj", "{031C8CFF-F147-44EA-B7E5-0A5644808A7E}"
EndProject
Project("{FAE04EC0-301F-11D3-BF4B-00C04F79EFBC}") = "YarnSpinner", "YarnSpinner\YarnSpinner.csproj", "{6C3B03D2-2E89-4EC3-A022-E84053A7B17F}"
EndProject
Project("{FAE04EC0-301F-11D3-BF4B-00C04F79EFBC}") = "DwarfCorpFNA", "DwarfCorp\DwarfCorpFNA.csproj", "{76AE20DE-26D9-4841-9F8C-DFE9F5BC2B94}"
EndProject
Project("{FAE04EC0-301F-11D3-BF4B-00C04F79EFBC}") = "PhotoShop", "PSD\PhotoShop.csproj", "{A04EEDD9-E164-4941-9846-722ACF2FCCA1}"
EndProject
